{
    "version": 3,
    "terraform_version": "0.11.8",
    "serial": 2,
    "lineage": "54914bd8-90c0-4e7d-66ba-0fc194535388",
    "modules": [
        {
            "path": [
                "root"
            ],
            "outputs": {},
            "resources": {
                "azurerm_redis_cache.redis": {
                    "type": "azurerm_redis_cache",
                    "depends_on": [
                        "azurerm_resource_group.cluster",
                        "random_id.redis"
                    ],
                    "primary": {
                        "id": "/subscriptions/56e05a15-abff-44df-9297-b6b6c5fcaa8e/resourceGroups/testClusterRG/providers/Microsoft.Cache/Redis/redisb311ec3ffe272d98",
                        "attributes": {
                            "capacity": "0",
                            "enable_non_ssl_port": "false",
                            "family": "C",
                            "hostname": "redisb311ec3ffe272d98.redis.cache.windows.net",
                            "id": "/subscriptions/56e05a15-abff-44df-9297-b6b6c5fcaa8e/resourceGroups/testClusterRG/providers/Microsoft.Cache/Redis/redisb311ec3ffe272d98",
                            "location": "westeurope",
                            "name": "redisb311ec3ffe272d98",
                            "port": "6379",
                            "primary_access_key": "AHmmOrdzvhYqVh7fVVgALCmO7beYzCIDs6pVzE43edY=",
                            "private_static_ip_address": "",
                            "redis_configuration.#": "1",
                            "redis_configuration.0.maxclients": "256",
                            "redis_configuration.0.maxmemory_delta": "2",
                            "redis_configuration.0.maxmemory_policy": "volatile-lru",
                            "redis_configuration.0.maxmemory_reserved": "2",
                            "redis_configuration.0.notify_keyspace_events": "",
                            "redis_configuration.0.rdb_backup_enabled": "false",
                            "redis_configuration.0.rdb_backup_frequency": "0",
                            "redis_configuration.0.rdb_backup_max_snapshot_count": "0",
                            "redis_configuration.0.rdb_storage_connection_string": "",
                            "resource_group_name": "testClusterRG",
                            "secondary_access_key": "SAd6biooqcN6GyhxzuazFFXAWD2yJUHtG4A2s9Nj3XI=",
                            "sku_name": "Basic",
                            "ssl_port": "6380",
                            "subnet_id": "",
                            "tags.%": "0"
                        },
                        "meta": {},
                        "tainted": false
                    },
                    "deposed": [],
                    "provider": "provider.azurerm"
                },
                "azurerm_resource_group.cluster": {
                    "type": "azurerm_resource_group",
                    "depends_on": [],
                    "primary": {
                        "id": "/subscriptions/56e05a15-abff-44df-9297-b6b6c5fcaa8e/resourceGroups/testClusterRG",
                        "attributes": {
                            "id": "/subscriptions/56e05a15-abff-44df-9297-b6b6c5fcaa8e/resourceGroups/testClusterRG",
                            "location": "westeurope",
                            "name": "testClusterRG",
                            "tags.%": "0"
                        },
                        "meta": {},
                        "tainted": false
                    },
                    "deposed": [],
                    "provider": "provider.azurerm"
                },
                "random_id.redis": {
                    "type": "random_id",
                    "depends_on": [],
                    "primary": {
                        "id": "sxHsP_4nLZg",
                        "attributes": {
                            "b64": "sxHsP_4nLZg",
                            "b64_std": "sxHsP/4nLZg=",
                            "b64_url": "sxHsP_4nLZg",
                            "byte_length": "8",
                            "dec": "12903354166984256920",
                            "hex": "b311ec3ffe272d98",
                            "id": "sxHsP_4nLZg",
                            "keepers.%": "1",
                            "keepers.azi_id": "1"
                        },
                        "meta": {},
                        "tainted": false
                    },
                    "deposed": [],
                    "provider": "provider.random"
                },
                "random_integer.random_int": {
                    "type": "random_integer",
                    "depends_on": [],
                    "primary": {
                        "id": "418",
                        "attributes": {
                            "id": "418",
                            "max": "999",
                            "min": "100",
                            "result": "418"
                        },
                        "meta": {},
                        "tainted": false
                    },
                    "deposed": [],
                    "provider": "provider.random"
                }
            },
            "depends_on": []
        },
        {
            "path": [
                "root",
                "oms"
            ],
            "outputs": {},
            "resources": {
                "random_id.workspace": {
                    "type": "random_id",
                    "depends_on": [],
                    "primary": {
                        "id": "48RjZFbrs9E",
                        "attributes": {
                            "b64": "48RjZFbrs9E",
                            "b64_std": "48RjZFbrs9E=",
                            "b64_url": "48RjZFbrs9E",
                            "byte_length": "8",
                            "dec": "16412352224651097041",
                            "hex": "e3c4636456ebb3d1",
                            "id": "48RjZFbrs9E",
                            "keepers.%": "1",
                            "keepers.group_name": "testClusterRG"
                        },
                        "meta": {},
                        "tainted": false
                    },
                    "deposed": [],
                    "provider": "provider.random"
                }
            },
            "depends_on": []
        },
        {
            "path": [
                "root",
                "service_principal"
            ],
            "outputs": {
                "aks_role_name": {
                    "sensitive": false,
                    "type": "string",
                    "value": "aks_sp_role"
                },
                "client_id": {
                    "sensitive": false,
                    "type": "string",
                    "value": "9990e03e-11ad-4352-8f2a-a6650f7a2346"
                },
                "client_secret": {
                    "sensitive": true,
                    "type": "string",
                    "value": "?bA8ffIdIutX6RRh"
                },
                "sp_id": {
                    "sensitive": false,
                    "type": "string",
                    "value": "ac536584-5ede-44d5-a2be-8c2514f768fb"
                }
            },
            "resources": {
                "azurerm_azuread_application.aks_app": {
                    "type": "azurerm_azuread_application",
                    "depends_on": [],
                    "primary": {
                        "id": "5a1ec414-6c52-411f-ab38-ff4118c81769",
                        "attributes": {
                            "application_id": "9990e03e-11ad-4352-8f2a-a6650f7a2346",
                            "available_to_other_tenants": "false",
                            "homepage": "https://aks-418",
                            "id": "5a1ec414-6c52-411f-ab38-ff4118c81769",
                            "identifier_uris.#": "0",
                            "name": "aks-418",
                            "oauth2_allow_implicit_flow": "false",
                            "reply_urls.#": "0"
                        },
                        "meta": {},
                        "tainted": false
                    },
                    "deposed": [],
                    "provider": "provider.azurerm"
                },
                "azurerm_azuread_service_principal.aks_sp": {
                    "type": "azurerm_azuread_service_principal",
                    "depends_on": [
                        "azurerm_azuread_application.aks_app"
                    ],
                    "primary": {
                        "id": "ac536584-5ede-44d5-a2be-8c2514f768fb",
                        "attributes": {
                            "application_id": "9990e03e-11ad-4352-8f2a-a6650f7a2346",
                            "display_name": "aks-418",
                            "id": "ac536584-5ede-44d5-a2be-8c2514f768fb"
                        },
                        "meta": {},
                        "tainted": false
                    },
                    "deposed": [],
                    "provider": "provider.azurerm"
                },
                "azurerm_azuread_service_principal_password.aks_sp_password": {
                    "type": "azurerm_azuread_service_principal_password",
                    "depends_on": [
                        "azurerm_azuread_service_principal.aks_sp",
                        "random_string.aks_sp_password"
                    ],
                    "primary": {
                        "id": "ac536584-5ede-44d5-a2be-8c2514f768fb/5f669fa5-1e6b-f2c1-cbdc-503082fa6f37",
                        "attributes": {
                            "end_date": "2019-10-10T13:11:47Z",
                            "id": "ac536584-5ede-44d5-a2be-8c2514f768fb/5f669fa5-1e6b-f2c1-cbdc-503082fa6f37",
                            "key_id": "5f669fa5-1e6b-f2c1-cbdc-503082fa6f37",
                            "service_principal_id": "ac536584-5ede-44d5-a2be-8c2514f768fb",
                            "start_date": "2018-10-10T13:11:48Z",
                            "value": "?bA8ffIdIutX6RRh"
                        },
                        "meta": {},
                        "tainted": false
                    },
                    "deposed": [],
                    "provider": "provider.azurerm"
                },
                "data.azurerm_subscription.sub": {
                    "type": "azurerm_subscription",
                    "depends_on": [],
                    "primary": {
                        "id": "/subscriptions/56e05a15-abff-44df-9297-b6b6c5fcaa8e",
                        "attributes": {
                            "display_name": "chris-microsoft-nl",
                            "id": "/subscriptions/56e05a15-abff-44df-9297-b6b6c5fcaa8e",
                            "location_placement_id": "Internal_2014-09-01",
                            "quota_id": "Internal_2014-09-01",
                            "spending_limit": "Off",
                            "state": "Enabled",
                            "subscription_id": "56e05a15-abff-44df-9297-b6b6c5fcaa8e"
                        },
                        "meta": {},
                        "tainted": false
                    },
                    "deposed": [],
                    "provider": "provider.azurerm"
                },
                "random_string.aks_sp_password": {
                    "type": "random_string",
                    "depends_on": [
                        "azurerm_azuread_service_principal.aks_sp"
                    ],
                    "primary": {
                        "id": "none",
                        "attributes": {
                            "id": "none",
                            "keepers.%": "1",
                            "keepers.service_principal": "ac536584-5ede-44d5-a2be-8c2514f768fb",
                            "length": "16",
                            "lower": "true",
                            "min_lower": "0",
                            "min_numeric": "0",
                            "min_special": "0",
                            "min_upper": "0",
                            "number": "true",
                            "result": "?bA8ffIdIutX6RRh",
                            "special": "true",
                            "upper": "true"
                        },
                        "meta": {
                            "schema_version": "1"
                        },
                        "tainted": false
                    },
                    "deposed": [],
                    "provider": "provider.random"
                }
            },
            "depends_on": []
        }
    ]
}
