{
    "version": 3,
    "terraform_version": "0.11.8",
    "serial": 2,
    "lineage": "54914bd8-90c0-4e7d-66ba-0fc194535388",
    "modules": [
        {
            "path": [
                "root"
            ],
            "outputs": {},
            "resources": {
                "azurerm_kubernetes_cluster.aks": {
                    "type": "azurerm_kubernetes_cluster",
                    "depends_on": [
                        "azurerm_resource_group.cluster",
                        "local.cluster_name",
                        "module.service_principal"
                    ],
                    "primary": {
                        "id": "/subscriptions/56e05a15-abff-44df-9297-b6b6c5fcaa8e/resourcegroups/testClusterRG/providers/Microsoft.ContainerService/managedClusters/aks-418",
                        "attributes": {
                            "addon_profile.#": "1",
                            "addon_profile.0.http_application_routing.#": "0",
                            "addon_profile.0.oms_agent.#": "0",
                            "agent_pool_profile.#": "1",
                            "agent_pool_profile.0.count": "1",
                            "agent_pool_profile.0.dns_prefix": "",
                            "agent_pool_profile.0.fqdn": "aks-418-81b145dd.hcp.westeurope.azmk8s.io",
                            "agent_pool_profile.0.max_pods": "110",
                            "agent_pool_profile.0.name": "agentpool",
                            "agent_pool_profile.0.os_disk_size_gb": "0",
                            "agent_pool_profile.0.os_type": "Linux",
                            "agent_pool_profile.0.vm_size": "Standard_DS2_v2",
                            "agent_pool_profile.0.vnet_subnet_id": "",
                            "dns_prefix": "aks-418",
                            "fqdn": "aks-418-81b145dd.hcp.westeurope.azmk8s.io",
                            "id": "/subscriptions/56e05a15-abff-44df-9297-b6b6c5fcaa8e/resourcegroups/testClusterRG/providers/Microsoft.ContainerService/managedClusters/aks-418",
                            "kube_config.#": "1",
                            "kube_config.0.client_certificate": "LS0tLS1CRUdJTiBDRVJUSUZJQ0FURS0tLS0tCk1JSUU5akNDQXQ2Z0F3SUJBZ0lRU0tDLzlRMkQ5QWtuYVBzZmtub05qekFOQmdrcWhraUc5dzBCQVFzRkFEQU4KTVFzd0NRWURWUVFERXdKallUQWVGdzB4T0RFd01UQXhOREF6TlRGYUZ3MHlNREV3TURreE5EQXpOVEZhTUNveApGekFWQmdOVkJBb1REbk41YzNSbGJUcHRZWE4wWlhKek1ROHdEUVlEVlFRREV3WmpiR2xsYm5Rd2dnSWlNQTBHCkNTcUdTSWIzRFFFQkFRVUFBNElDRHdBd2dnSUtBb0lDQVFDdXM1MHo3UnhISUtKb0FGbnpxeHNMRUxodmZjVWkKQS9LallObVJwajBMaUZVWGhOamtqY3pEalZzamNtd3lBZ2plM2owRUFYdGMxL0g3R0I5VXFOQXRKbjlSRWpXUAo4Y2pQL25mZmQwemhtZElrOTBoOVdWU0x6Y213ZWYrRjJkTWxjVGJrd2d1SGYwNHMydVNTYnV2ZDRKMnZUTVUwCm1TK2NqcG1SOTNzby9zZS9RbU9vaTVFSExjVzE4QmdUVkk4MmN5UG5QUjhjWmE3SWZ3V0x1TUxWVDQ2WE1mUUYKNUR3eUxvaDMvdUN4R0ZFdUZvVTNYWTJsZUY3UndBSmg5TWRqTE1WSWJkVjh1eEVRZTkxc2JIa2pwUkFUSFdnMQpyZm5Mb0x1NG9GS01KOVdTdldVSVF0OG9CM09jTVk5YmN0RmUrWUluSUJ5RjRZNjJETnVvSXVBeGNob2hmcXpBCklwZTU3V3lhMmpCQ3EvblR3bGZYcnpYQWVZUkZUUldNMldyZ0VsbVdRUVNhZzZCREJRUzNPK2JDSEhtaGRrMUcKRWpGdTBxQTJLUmdwcm8rTU1PTlpEaDZGMThScFFsVWtrM1pHQjhhdW5sWTFoeDFRb1gyTllsM2J0NWNIL1h2NAoxdy9aOVVBMFJiVUVaKzRnUGttelJ5SDM2eno4cENmL1VDbVg1S200bEY5OUhaZUFHaE5IMitkbVEyQ0VhSFJpCjRzemdHbDViUTRoZEd4YUk5alNVSFpCL3NDTFl4MlEwN2EwR0o1UU55R1VVeHB0T2NYVGQ3YjBKYnJSbWlySGoKWW9td0dTZkxDK1VXZ1doTzdRbmlzZGg5RkozUFlXcHQySmhaSlk4bnQ1OFlPOEk4dEZtaWExa1NYZlNLcy9QMwpHcmNDMWg0M1dFeTBiUUlEQVFBQm96VXdNekFPQmdOVkhROEJBZjhFQkFNQ0JhQXdFd1lEVlIwbEJBd3dDZ1lJCkt3WUJCUVVIQXdJd0RBWURWUjBUQVFIL0JBSXdBREFOQmdrcWhraUc5dzBCQVFzRkFBT0NBZ0VBcVBQbjdwNHEKWmcxQUl0di81anpEZ1U1MzI0M2grWDNsSzhJSjNZTENoWjFQVEFoaHA4YWFXcW04aWI5ak9RSEZ2UERoRk1wSgplVHhEUnowTmd0bGFubXNGZEFhRmxuTVRYdHVnb2I3T2pIWjVGVzZJYm1CK0Y4MGRYVVlHNkpGY2RVWHI1a2lFCi9aa1ZDS3hsbzNZRlRURzVUbzc1L1NNUFpScHFQd0ZvYkVlTVU4b1cyaTFoS3p1aDhqdVRoN1hZNkU1eUI5WkgKd0Vxa0FNVG5Wc01uMkZwL3NVUUFVTTN6R296aWN4ZFkxRXNWV293TGMzTDYyN0hsLzhUL3RlK2tOOUd3aHBFaApLMVY0cGJjT0crMUphYnZBUEMxa1BxVnBhUkhtdVh1RXlrbjlqZWlrYnQ5OUFhdXF2UVRCSGd3YjB4aThpVjQ1CjRnbW0zc0FUckR2R2syTjk1UHJtWnY1eVZRQjNmMXpaQmNTSXp5Z1B6TENKQ1BoMUNOeUlRSHhZQ3JZYjZDemcKREJ2dkp0aE9qRjJEUUtLbEh0M2NqQnRaWTdZNDYySnJWaVdjT1FPS1g1aHdKVERJVVdOeFUzUFZ2TFpXWjh1NApUYkUxNjB6bmdWWDNEMW1JZVNLRnhQdFBWNm8rdXY3UHlvUENISUxHeUNjMStDaGNBcS8xWnlFc2FwaUJ2WjJQCit1ZFkyVjBNWCsxY2M0ZkQ4MkV6R1oyRXdZZnFHVWUvRXdJajA3TGFpaXBJMTloMEc4QWtKUm4xT3kyZmo1ZHcKVkFLZlJsa1RmUnNIdFhtYWpTUmZQRm1VRGhEZTNOQ2NQZDJnOXk3cmJ4ajlPbmdES0FJaHluUGhlQzRYb0ZVTgpQaS9rc1RXZC9WbTl4ZXpKdmcxQVBUdU54R2hyL21DYXdtbz0KLS0tLS1FTkQgQ0VSVElGSUNBVEUtLS0tLQo=",
                            "kube_config.0.client_key": "LS0tLS1CRUdJTiBSU0EgUFJJVkFURSBLRVktLS0tLQpNSUlKS2dJQkFBS0NBZ0VBcnJPZE0rMGNSeUNpYUFCWjg2c2JDeEM0YjMzRklnUHlvMkRaa2FZOUM0aFZGNFRZCjVJM013NDFiSTNKc01nSUkzdDQ5QkFGN1hOZngreGdmVktqUUxTWi9VUkkxai9ISXovNTMzM2RNNFpuU0pQZEkKZlZsVWk4M0pzSG4vaGRuVEpYRTI1TUlMaDM5T0xOcmtrbTdyM2VDZHIwekZOSmt2bkk2WmtmZDdLUDdIdjBKagpxSXVSQnkzRnRmQVlFMVNQTm5NajV6MGZIR1d1eUg4Rmk3akMxVStPbHpIMEJlUThNaTZJZC83Z3NSaFJMaGFGCk4xMk5wWGhlMGNBQ1lmVEhZeXpGU0czVmZMc1JFSHZkYkd4NUk2VVFFeDFvTmEzNXk2Qzd1S0JTakNmVmtyMWwKQ0VMZktBZHpuREdQVzNMUlh2bUNKeUFjaGVHT3RnemJxQ0xnTVhJYUlYNnN3Q0tYdWUxc210b3dRcXY1MDhKWAoxNjgxd0htRVJVMFZqTmxxNEJKWmxrRUVtb09nUXdVRXR6dm13aHg1b1haTlJoSXhidEtnTmlrWUthNlBqRERqCldRNGVoZGZFYVVKVkpKTjJSZ2ZHcnA1V05ZY2RVS0Y5aldKZDI3ZVhCLzE3K05jUDJmVkFORVcxQkdmdUlENUoKczBjaDkrczgvS1FuLzFBcGwrU3B1SlJmZlIyWGdCb1RSOXZuWmtOZ2hHaDBZdUxNNEJwZVcwT0lYUnNXaVBZMApsQjJRZjdBaTJNZGtOTzJ0QmllVURjaGxGTWFiVG5GMDNlMjlDVzYwWm9xeDQyS0pzQmtueXd2bEZvRm9UdTBKCjRySFlmUlNkejJGcWJkaVlXU1dQSjdlZkdEdkNQTFJab210WkVsMzBpclB6OXhxM0F0WWVOMWhNdEcwQ0F3RUEKQVFLQ0FnQUZoSnJVaHdxN25HWkV6cTRJcWtEaWFwYkl2cm81UnRLbEltdjgwN2xkNGVKK0thNElHZ3A3cXIxVQpNMHNEa1ZqaVlUYWdKOFBUdk9aaHZmTlBZejJnRDNVNkJFODR5clJERFpDUHVGN3ZTVUovOUdlUHZnQ1RvZDVhCitwOTloTkhNZnZUeTZNWWdjMzd1bjhOVWRMaHllNk8vWTdkZTMrL0hEQ0lCb0VWOWwvNkxKZmVyM1N5cGcyS1oKU29vWUlqV2J6S3MzcEpDVS93azBQLzdXMlBFZWQ3TFRSN3FqYlFBUnZiS0Z4OEVsRnRXSmxTQ0VEU3BxTFpFaApJdVZ3WHFEbG13Wm9NVC9xL3FXZFZhdzZ2bnBkQzl1a0h1dXB0bU1MY1hvOGJLUHUxVnREbFVQWnJQTUxlcURHCk1ES00rdVZ1RUlkeDRPdkZ0c2doSytyTU5yM0tCS29tRU1Qa09wc29FRXFDMjh0RFEvU3ZPbVNYdTRFOWRXMXYKMExFelQ0V1Q2MVlQbjBFdXdoVlJkNmhlR0s2ZmNXMXRHdXhyb2Z1ckxiVitTbmIxS1VOS3R3Sm04Z2cwTmdHcgpKZnY3RFN5aUVybjh6NmFrQWp1UDBhMDZuYkc0MXM4QllRN0RSNDAxTno2MUd3VGoxNVVsdklxN3pXMy9Ua1I2Ckp0c1dRajZCejVQTjNGQktUR0IrUG1YN1dNcEVWR0dxUHdibldmY2xJemFJM01KVHhybFB1bGIvbzdwYTR1YnAKeVdDWkNZb3FjaFpkcTB6SkZtYUpNMm1vOUgxcHJkMmhRaklHUS8xeGxSL29WSXpGQW1tT0lsdFQvUHVscnprdAp3VE4wSDkwU1lMNkhObTE3VHltYmxOd3pwK0Q5TktZL1ZWVGVBZ2RScWpQMHRrMUlBUUtDQVFFQTF1QVpCNmx4Ckd1U1p2VkdjTFdwOUVFb0JoOUE3aUVzWUdHdmQxSElHemR0aDVYRlF5Ynh1ZnVPQ2pzM1J5T1JxcjFFbWExREMKZUpVc1hsSWhNb0lHQ1ZUUVFoWGxoMnI2V3hoWmkzUTMySld1MldzN2RHbWpFRVJMN3I2dEJnSFIxdHJGKy8zcwo4Q1NyTUZ6MnRmK3lUN0V2TDNjK01RK3pncVRzZElEOFlyVmUzNWVScndHSzBRbFltc1JDbTR5TWh5Snk3LzZLCkRqZkp2cHJvcFd1QmpqTnJLRU9kcWlzUHdoUWgzaHl5OXFtaHNCMEpENWwwMUxiK2R4bW1QaEJpSFRXa3YzQkkKY25LSG1uVUFJYmJrSnFwNHpmUUQ0cTQxYks2a3k0dHJGNENkclZ2MlRrTG9FaXlTMDBYRDF0TUpJdnU1LzlSOQpWK29pNUptWnRJcGhBUUtDQVFFQTBDTXY3VCtKbHIxdWFxZVhQMjZUZm9HclF6VjZBYkhsbzBYQytPSlpMODlnCllaZ0RnbzludUEweG44blpNeHNQY1lDM1dmS05NazZ5aytHKzVKK1ZwSzNBV1FXYWpYd2NLQmlBaTdPSWFjbXUKUTErMlBRbU5xQjlCNHRrTy9wTWhUMUVpbGVGdnlpcW5xZS9QeGw4amlTYkQxU0lQS1NRN2VMSzVjNFM5Z2NQYwpRWGhmeFRHWXJhbkhxbEdHaEN5MHpRLzhIUXh1bk41cGErR2RQM3NIY29qSHhiQm9vaVVOVlBvWmtLN1loSmVOCmZvbVphcFFzQ3F3M0FLNUhmMldsTG5VNEM2ZDBHbXdNdU9NWGlOYXhHR0pBZldPOW9IWmhCbEFBL0I4bjhLNlUKNkNKaEI5STBDazVXT0N0Tm9KQktVNGJLMGNlQTByYW0zY2NKc2xwbmJRS0NBUUVBaWZyMWw3bnk2M1lJVTAzbwpvREZWaGZRLzcxcUVJQTA0dDlYc2FOT2dFdWpoZ0ZpM3JCUFlVSnIvNTN1N1R1bCtxSDNQMGZIV0wyQjdVVVlrCkV5N3plV0tCS1M2dWFic0VjU0s5dlpNdm1XRGxHckNGU1VmY2NrR3BFUEpZWVJjaURIb0gwTDFLUFJzTzRzdVAKa1dkVXRWL3VFT2pkZ3R1MlJocHB6SlpYZTN0RUpRaExnTG5ZemtyV0h1d1FhWnBqVXhPSUF4ek13anlJekdEbApLL1JSQ1dOeldET3pOdWJZQTZTeDZ0TTdDTEg5SmY0L0oway9nS2pSMXVFZG81VVpxL0FhanVRbllYYXlKVGtrCmtJSEZHQjgzMitqcDVkSkFkRDNoak9OR0xaMWxvMEQrZFZyNWMxSTBKbjhTTnd6bFBSV3dadHVvY1ova01DK0MKU0REa0FRS0NBUUVBbEdjQ1hSN1ljMnBOdUM0V1lWdnVQbDBtUjUxeGlKUFhNRHNsY1YreVI2eU5CQWpuTjhnWQpJOXNFYnZIMHM4T3ZselkzaFNLMEdoS1NzVzVjTlphems5OXZMZ29ZMEppVld1RmRoajVVSFZsM3J3SW5aZzNSCnV2WE9mSGhYZ0p4WE83NlY4bGZ5NVNyVXNRNFVEMVQyZVd2eVpaMExRa0piUlF2cHZyditndStycytLb0ptbmUKZXJSN2NLMEFSRzI3M0JweG9DU2xHYVJiZGxnL1RtdmlPMy9iTU5FL1NaMHhqRTFtdlFwdHh0eG9QcmpOY25pRApqbmlNSHlna1FtbXZCUmovQlJBNGNENXFNOGwzbGxHOW82MHFYajBuajZuWU5EQUhBNzBUTlVERlcxNW40TE8zCjkwRXpxSWozcUd3NUVxVWhKOElmMEIzN2pGWEdUQ3k1WVFLQ0FRRUFzWWNvSW4zR1JOOXhKQnlweWVCTVZwakIKTVJzLzZvQkRzbWM3KytyTTltakhmRGpGSnlQWjJ3WWVKOTkzYnlaOVo2cnQzeGNXSlBNc3ZnZVBqRTFZdVIrdApzK3MwOWdXYmF2VjhnaEtleG90VzQ2SzdlQmJDK0wwR1BOZ05xL0hsVktFc0VRV3VWTmxXTHVkbWRtQnBEL2ZGCnpSV3owUXMrNXhMYnNHUVFpT01xT0hFSzNwbU9Yd2RXNFVPNC9jcmYrNmRzV05yTVRTVUFlR3owVURjZU9WcUQKM2FwaVlqeDJWWUREcTAvSHVZNWcveVV5Nk1MTHVNdjNGVC80eTlvaktGUlNnQjdtVHZKVUdoNVRqN1hvSjBYZwp2cTlsbE1zdFFUbGxEVHpHZytzT0ZpTHJxZmMzd1A4VUdDbjlOMllqTGl2cjNycUlJZzhhMWZuY0ZiekNxUT09Ci0tLS0tRU5EIFJTQSBQUklWQVRFIEtFWS0tLS0tCg==",
                            "kube_config.0.cluster_ca_certificate": "LS0tLS1CRUdJTiBDRVJUSUZJQ0FURS0tLS0tCk1JSUV5RENDQXJDZ0F3SUJBZ0lSQUpUelUwOU9UTm9xQTNSOEFZWk43Skl3RFFZSktvWklodmNOQVFFTEJRQXcKRFRFTE1Ba0dBMVVFQXhNQ1kyRXdIaGNOTVRneE1ERXdNVFF3TXpVd1doY05NakF4TURBNU1UUXdNelV3V2pBTgpNUXN3Q1FZRFZRUURFd0pqWVRDQ0FpSXdEUVlKS29aSWh2Y05BUUVCQlFBRGdnSVBBRENDQWdvQ2dnSUJBTDExCndRZnJBV3hyRDF4Qzl0a3Y0UW9PQVRlaWl5elh3RXZxc1p4RU9lVkx3UUdBUXJaRHEyN3puNzhBYm05U0IwVXYKTlZhd1VJRTlvVE9jL1UzcEN1cHVWeUYzYlpENCtCTmRSYkRWeDJPcXhOUEJTdGZNZ3ZoT3BoaDBxeGNSbWIrUgpnRVFJbHMrbGdCVGo5M25zaVQ0K09BS2VPNWhhU2M1R3VLWnczRjkxaTJ4b1l4KzVwdFpKay9UL0dBUTBaMHpnCmxpVlJ6bDRBNitFRlQ1UHI5alROUFh0aVZWZlVJOW5UK1RJczkrK0diL1pUZHNFWXRsWTJLcEp6U2tQWERhMEQKRUEvd3c4dHkwNllyVkFIQ2JqcCtxTW15bHlWZ3FIb1JSaTQ3RjArUDB5MGJDUXUvUFI5K0h2d2YzN3IrUUhmdwpjU0t3cDJmLzBnaVkzR0NmMzZHUlR1c3ZzVzd2UDhudGpFRXBvUFJ3eW01ekxXajU1ZmxHMUc3QzZLMThnMG9kClVDa3FRWTJ0RGlXSGE0ZnpqaDVZV0R2V0hoS3JSRHhkRk40eDRXNmFsZDZwcjMyQkN3aWtaYVhSbmtRN0lDTjUKODdaZWJQTDExWVBMc2g1blY5a0w3MHhMd2MrY2ZxeHdjdGRuM0dObUk0WWtrb0ZBUDc0TmQxeE41Q0Jpc28xbgpMMHFWNGc2eGNwSGpMblJGNldTSHBlSVcwbHhud3ArZDVpOHNHNWE1MWl0Zi9iTFpwK0VSSWVFWGtvc3p3Y1A0CnhZTW1BOVc0bjBlNmsvNEVTVlQweVVDUElVTjA1eURmczNzOUk4WC9PZVlBaGw2Ky93ZUE2YmY4ZEZ6dlN4YUUKTHZaNHIxSEdHWlRydWUzQTFMU3BFUWo0QTd1NFlGRy85YXdMdW1VakFnTUJBQUdqSXpBaE1BNEdBMVVkRHdFQgovd1FFQXdJQ3BEQVBCZ05WSFJNQkFmOEVCVEFEQVFIL01BMEdDU3FHU0liM0RRRUJDd1VBQTRJQ0FRQ29kUDBjClR2cHBTZVNmd3Vzemp3STJKdnhmekNvR0gwVGZ4UTRSbld3N1VkbWNOK0pqWVo4V2NrbkNTTHZnclhnQUlXZ3YKTGZLK2FudnJSeDFhZnU3Y3lMSmlSTEZZRUZaakNubDJIYVpVaThrckxJWGNuenBwSTZLR3FDRDAzRFBPQ3d5ZApvL2p2ek5OeWJjeUxkUWVnV1lBNThSUDkrbzBrMHRDdlFyRHNubnkwV3o0UVZnSDJHZklBK2lQVkdRWFNMNERCCnZJejA5Tmc1VHNCR2JXQWRaNzh1ajk1MG9FL3lxTEtvMGkyUGh2eTZqMUU1M2xPQW1WNXU2b3NLVVZ2MlZIK0QKVkxITVZuK2E4V0V3cXZGOWF5Zi92STNsMDBpOVdvdUxvcGc4ZS9ZOWdmdXF3UDFoRElRWHpRTlo4Q3pMNSs3dwpoWHF4VkZKZnpyYWh5ZHROdC9QcktDTXBDUGRJYllYRWNOODVEQkpicjFKQzBucWZISStZcERteTdTUnE4U1VpCjNPMDd1MmlYVUVOaTVMWFEwWnA2SktTOW9xZ1BPMEpQdGlDUXBkMitranVCamk4eElmUGkwSFNhNDVyYnBOakkKaHJSTVdzbFJsbUw0Rkk0OStydGdqOWpXdXZyUU5wRllYcWtxaUV4V3B0UWpMNmhLU1Z6MFNOcld6cWZXNXJmNQovV2FzRTJiVnpQMUtqS3RsU1JBWC9URzFtdGZIMEZUbXlScEIwVnlmOE5oK1lpQVh4L2Z4RERibzk3VFR5MzlWCnFUTkNYOGhzaGpDL0NnemlTeHV3SWhwVVg1YmEzbjFGMXZmdmFDSXpYZlk5Rk4zbnBxekhZVTZRWE5IazNQOUcKczhicVl0SmlaNlBaUGt1SDBzaFVXaWdkakdjVDVOcGg5ZlJtTVE9PQotLS0tLUVORCBDRVJUSUZJQ0FURS0tLS0tCg==",
                            "kube_config.0.host": "https://aks-418-81b145dd.hcp.westeurope.azmk8s.io:443",
                            "kube_config.0.password": "ae25745c31048945fa2437476ec1496c",
                            "kube_config.0.username": "clusterUser_testClusterRG_aks-418",
                            "kube_config_raw": "apiVersion: v1\nclusters:\n- cluster:\n    certificate-authority-data: LS0tLS1CRUdJTiBDRVJUSUZJQ0FURS0tLS0tCk1JSUV5RENDQXJDZ0F3SUJBZ0lSQUpUelUwOU9UTm9xQTNSOEFZWk43Skl3RFFZSktvWklodmNOQVFFTEJRQXcKRFRFTE1Ba0dBMVVFQXhNQ1kyRXdIaGNOTVRneE1ERXdNVFF3TXpVd1doY05NakF4TURBNU1UUXdNelV3V2pBTgpNUXN3Q1FZRFZRUURFd0pqWVRDQ0FpSXdEUVlKS29aSWh2Y05BUUVCQlFBRGdnSVBBRENDQWdvQ2dnSUJBTDExCndRZnJBV3hyRDF4Qzl0a3Y0UW9PQVRlaWl5elh3RXZxc1p4RU9lVkx3UUdBUXJaRHEyN3puNzhBYm05U0IwVXYKTlZhd1VJRTlvVE9jL1UzcEN1cHVWeUYzYlpENCtCTmRSYkRWeDJPcXhOUEJTdGZNZ3ZoT3BoaDBxeGNSbWIrUgpnRVFJbHMrbGdCVGo5M25zaVQ0K09BS2VPNWhhU2M1R3VLWnczRjkxaTJ4b1l4KzVwdFpKay9UL0dBUTBaMHpnCmxpVlJ6bDRBNitFRlQ1UHI5alROUFh0aVZWZlVJOW5UK1RJczkrK0diL1pUZHNFWXRsWTJLcEp6U2tQWERhMEQKRUEvd3c4dHkwNllyVkFIQ2JqcCtxTW15bHlWZ3FIb1JSaTQ3RjArUDB5MGJDUXUvUFI5K0h2d2YzN3IrUUhmdwpjU0t3cDJmLzBnaVkzR0NmMzZHUlR1c3ZzVzd2UDhudGpFRXBvUFJ3eW01ekxXajU1ZmxHMUc3QzZLMThnMG9kClVDa3FRWTJ0RGlXSGE0ZnpqaDVZV0R2V0hoS3JSRHhkRk40eDRXNmFsZDZwcjMyQkN3aWtaYVhSbmtRN0lDTjUKODdaZWJQTDExWVBMc2g1blY5a0w3MHhMd2MrY2ZxeHdjdGRuM0dObUk0WWtrb0ZBUDc0TmQxeE41Q0Jpc28xbgpMMHFWNGc2eGNwSGpMblJGNldTSHBlSVcwbHhud3ArZDVpOHNHNWE1MWl0Zi9iTFpwK0VSSWVFWGtvc3p3Y1A0CnhZTW1BOVc0bjBlNmsvNEVTVlQweVVDUElVTjA1eURmczNzOUk4WC9PZVlBaGw2Ky93ZUE2YmY4ZEZ6dlN4YUUKTHZaNHIxSEdHWlRydWUzQTFMU3BFUWo0QTd1NFlGRy85YXdMdW1VakFnTUJBQUdqSXpBaE1BNEdBMVVkRHdFQgovd1FFQXdJQ3BEQVBCZ05WSFJNQkFmOEVCVEFEQVFIL01BMEdDU3FHU0liM0RRRUJDd1VBQTRJQ0FRQ29kUDBjClR2cHBTZVNmd3Vzemp3STJKdnhmekNvR0gwVGZ4UTRSbld3N1VkbWNOK0pqWVo4V2NrbkNTTHZnclhnQUlXZ3YKTGZLK2FudnJSeDFhZnU3Y3lMSmlSTEZZRUZaakNubDJIYVpVaThrckxJWGNuenBwSTZLR3FDRDAzRFBPQ3d5ZApvL2p2ek5OeWJjeUxkUWVnV1lBNThSUDkrbzBrMHRDdlFyRHNubnkwV3o0UVZnSDJHZklBK2lQVkdRWFNMNERCCnZJejA5Tmc1VHNCR2JXQWRaNzh1ajk1MG9FL3lxTEtvMGkyUGh2eTZqMUU1M2xPQW1WNXU2b3NLVVZ2MlZIK0QKVkxITVZuK2E4V0V3cXZGOWF5Zi92STNsMDBpOVdvdUxvcGc4ZS9ZOWdmdXF3UDFoRElRWHpRTlo4Q3pMNSs3dwpoWHF4VkZKZnpyYWh5ZHROdC9QcktDTXBDUGRJYllYRWNOODVEQkpicjFKQzBucWZISStZcERteTdTUnE4U1VpCjNPMDd1MmlYVUVOaTVMWFEwWnA2SktTOW9xZ1BPMEpQdGlDUXBkMitranVCamk4eElmUGkwSFNhNDVyYnBOakkKaHJSTVdzbFJsbUw0Rkk0OStydGdqOWpXdXZyUU5wRllYcWtxaUV4V3B0UWpMNmhLU1Z6MFNOcld6cWZXNXJmNQovV2FzRTJiVnpQMUtqS3RsU1JBWC9URzFtdGZIMEZUbXlScEIwVnlmOE5oK1lpQVh4L2Z4RERibzk3VFR5MzlWCnFUTkNYOGhzaGpDL0NnemlTeHV3SWhwVVg1YmEzbjFGMXZmdmFDSXpYZlk5Rk4zbnBxekhZVTZRWE5IazNQOUcKczhicVl0SmlaNlBaUGt1SDBzaFVXaWdkakdjVDVOcGg5ZlJtTVE9PQotLS0tLUVORCBDRVJUSUZJQ0FURS0tLS0tCg==\n    server: https://aks-418-81b145dd.hcp.westeurope.azmk8s.io:443\n  name: aks-418\ncontexts:\n- context:\n    cluster: aks-418\n    user: clusterUser_testClusterRG_aks-418\n  name: aks-418\ncurrent-context: aks-418\nkind: Config\npreferences: {}\nusers:\n- name: clusterUser_testClusterRG_aks-418\n  user:\n    client-certificate-data: LS0tLS1CRUdJTiBDRVJUSUZJQ0FURS0tLS0tCk1JSUU5akNDQXQ2Z0F3SUJBZ0lRU0tDLzlRMkQ5QWtuYVBzZmtub05qekFOQmdrcWhraUc5dzBCQVFzRkFEQU4KTVFzd0NRWURWUVFERXdKallUQWVGdzB4T0RFd01UQXhOREF6TlRGYUZ3MHlNREV3TURreE5EQXpOVEZhTUNveApGekFWQmdOVkJBb1REbk41YzNSbGJUcHRZWE4wWlhKek1ROHdEUVlEVlFRREV3WmpiR2xsYm5Rd2dnSWlNQTBHCkNTcUdTSWIzRFFFQkFRVUFBNElDRHdBd2dnSUtBb0lDQVFDdXM1MHo3UnhISUtKb0FGbnpxeHNMRUxodmZjVWkKQS9LallObVJwajBMaUZVWGhOamtqY3pEalZzamNtd3lBZ2plM2owRUFYdGMxL0g3R0I5VXFOQXRKbjlSRWpXUAo4Y2pQL25mZmQwemhtZElrOTBoOVdWU0x6Y213ZWYrRjJkTWxjVGJrd2d1SGYwNHMydVNTYnV2ZDRKMnZUTVUwCm1TK2NqcG1SOTNzby9zZS9RbU9vaTVFSExjVzE4QmdUVkk4MmN5UG5QUjhjWmE3SWZ3V0x1TUxWVDQ2WE1mUUYKNUR3eUxvaDMvdUN4R0ZFdUZvVTNYWTJsZUY3UndBSmg5TWRqTE1WSWJkVjh1eEVRZTkxc2JIa2pwUkFUSFdnMQpyZm5Mb0x1NG9GS01KOVdTdldVSVF0OG9CM09jTVk5YmN0RmUrWUluSUJ5RjRZNjJETnVvSXVBeGNob2hmcXpBCklwZTU3V3lhMmpCQ3EvblR3bGZYcnpYQWVZUkZUUldNMldyZ0VsbVdRUVNhZzZCREJRUzNPK2JDSEhtaGRrMUcKRWpGdTBxQTJLUmdwcm8rTU1PTlpEaDZGMThScFFsVWtrM1pHQjhhdW5sWTFoeDFRb1gyTllsM2J0NWNIL1h2NAoxdy9aOVVBMFJiVUVaKzRnUGttelJ5SDM2eno4cENmL1VDbVg1S200bEY5OUhaZUFHaE5IMitkbVEyQ0VhSFJpCjRzemdHbDViUTRoZEd4YUk5alNVSFpCL3NDTFl4MlEwN2EwR0o1UU55R1VVeHB0T2NYVGQ3YjBKYnJSbWlySGoKWW9td0dTZkxDK1VXZ1doTzdRbmlzZGg5RkozUFlXcHQySmhaSlk4bnQ1OFlPOEk4dEZtaWExa1NYZlNLcy9QMwpHcmNDMWg0M1dFeTBiUUlEQVFBQm96VXdNekFPQmdOVkhROEJBZjhFQkFNQ0JhQXdFd1lEVlIwbEJBd3dDZ1lJCkt3WUJCUVVIQXdJd0RBWURWUjBUQVFIL0JBSXdBREFOQmdrcWhraUc5dzBCQVFzRkFBT0NBZ0VBcVBQbjdwNHEKWmcxQUl0di81anpEZ1U1MzI0M2grWDNsSzhJSjNZTENoWjFQVEFoaHA4YWFXcW04aWI5ak9RSEZ2UERoRk1wSgplVHhEUnowTmd0bGFubXNGZEFhRmxuTVRYdHVnb2I3T2pIWjVGVzZJYm1CK0Y4MGRYVVlHNkpGY2RVWHI1a2lFCi9aa1ZDS3hsbzNZRlRURzVUbzc1L1NNUFpScHFQd0ZvYkVlTVU4b1cyaTFoS3p1aDhqdVRoN1hZNkU1eUI5WkgKd0Vxa0FNVG5Wc01uMkZwL3NVUUFVTTN6R296aWN4ZFkxRXNWV293TGMzTDYyN0hsLzhUL3RlK2tOOUd3aHBFaApLMVY0cGJjT0crMUphYnZBUEMxa1BxVnBhUkhtdVh1RXlrbjlqZWlrYnQ5OUFhdXF2UVRCSGd3YjB4aThpVjQ1CjRnbW0zc0FUckR2R2syTjk1UHJtWnY1eVZRQjNmMXpaQmNTSXp5Z1B6TENKQ1BoMUNOeUlRSHhZQ3JZYjZDemcKREJ2dkp0aE9qRjJEUUtLbEh0M2NqQnRaWTdZNDYySnJWaVdjT1FPS1g1aHdKVERJVVdOeFUzUFZ2TFpXWjh1NApUYkUxNjB6bmdWWDNEMW1JZVNLRnhQdFBWNm8rdXY3UHlvUENISUxHeUNjMStDaGNBcS8xWnlFc2FwaUJ2WjJQCit1ZFkyVjBNWCsxY2M0ZkQ4MkV6R1oyRXdZZnFHVWUvRXdJajA3TGFpaXBJMTloMEc4QWtKUm4xT3kyZmo1ZHcKVkFLZlJsa1RmUnNIdFhtYWpTUmZQRm1VRGhEZTNOQ2NQZDJnOXk3cmJ4ajlPbmdES0FJaHluUGhlQzRYb0ZVTgpQaS9rc1RXZC9WbTl4ZXpKdmcxQVBUdU54R2hyL21DYXdtbz0KLS0tLS1FTkQgQ0VSVElGSUNBVEUtLS0tLQo=\n    client-key-data: LS0tLS1CRUdJTiBSU0EgUFJJVkFURSBLRVktLS0tLQpNSUlKS2dJQkFBS0NBZ0VBcnJPZE0rMGNSeUNpYUFCWjg2c2JDeEM0YjMzRklnUHlvMkRaa2FZOUM0aFZGNFRZCjVJM013NDFiSTNKc01nSUkzdDQ5QkFGN1hOZngreGdmVktqUUxTWi9VUkkxai9ISXovNTMzM2RNNFpuU0pQZEkKZlZsVWk4M0pzSG4vaGRuVEpYRTI1TUlMaDM5T0xOcmtrbTdyM2VDZHIwekZOSmt2bkk2WmtmZDdLUDdIdjBKagpxSXVSQnkzRnRmQVlFMVNQTm5NajV6MGZIR1d1eUg4Rmk3akMxVStPbHpIMEJlUThNaTZJZC83Z3NSaFJMaGFGCk4xMk5wWGhlMGNBQ1lmVEhZeXpGU0czVmZMc1JFSHZkYkd4NUk2VVFFeDFvTmEzNXk2Qzd1S0JTakNmVmtyMWwKQ0VMZktBZHpuREdQVzNMUlh2bUNKeUFjaGVHT3RnemJxQ0xnTVhJYUlYNnN3Q0tYdWUxc210b3dRcXY1MDhKWAoxNjgxd0htRVJVMFZqTmxxNEJKWmxrRUVtb09nUXdVRXR6dm13aHg1b1haTlJoSXhidEtnTmlrWUthNlBqRERqCldRNGVoZGZFYVVKVkpKTjJSZ2ZHcnA1V05ZY2RVS0Y5aldKZDI3ZVhCLzE3K05jUDJmVkFORVcxQkdmdUlENUoKczBjaDkrczgvS1FuLzFBcGwrU3B1SlJmZlIyWGdCb1RSOXZuWmtOZ2hHaDBZdUxNNEJwZVcwT0lYUnNXaVBZMApsQjJRZjdBaTJNZGtOTzJ0QmllVURjaGxGTWFiVG5GMDNlMjlDVzYwWm9xeDQyS0pzQmtueXd2bEZvRm9UdTBKCjRySFlmUlNkejJGcWJkaVlXU1dQSjdlZkdEdkNQTFJab210WkVsMzBpclB6OXhxM0F0WWVOMWhNdEcwQ0F3RUEKQVFLQ0FnQUZoSnJVaHdxN25HWkV6cTRJcWtEaWFwYkl2cm81UnRLbEltdjgwN2xkNGVKK0thNElHZ3A3cXIxVQpNMHNEa1ZqaVlUYWdKOFBUdk9aaHZmTlBZejJnRDNVNkJFODR5clJERFpDUHVGN3ZTVUovOUdlUHZnQ1RvZDVhCitwOTloTkhNZnZUeTZNWWdjMzd1bjhOVWRMaHllNk8vWTdkZTMrL0hEQ0lCb0VWOWwvNkxKZmVyM1N5cGcyS1oKU29vWUlqV2J6S3MzcEpDVS93azBQLzdXMlBFZWQ3TFRSN3FqYlFBUnZiS0Z4OEVsRnRXSmxTQ0VEU3BxTFpFaApJdVZ3WHFEbG13Wm9NVC9xL3FXZFZhdzZ2bnBkQzl1a0h1dXB0bU1MY1hvOGJLUHUxVnREbFVQWnJQTUxlcURHCk1ES00rdVZ1RUlkeDRPdkZ0c2doSytyTU5yM0tCS29tRU1Qa09wc29FRXFDMjh0RFEvU3ZPbVNYdTRFOWRXMXYKMExFelQ0V1Q2MVlQbjBFdXdoVlJkNmhlR0s2ZmNXMXRHdXhyb2Z1ckxiVitTbmIxS1VOS3R3Sm04Z2cwTmdHcgpKZnY3RFN5aUVybjh6NmFrQWp1UDBhMDZuYkc0MXM4QllRN0RSNDAxTno2MUd3VGoxNVVsdklxN3pXMy9Ua1I2Ckp0c1dRajZCejVQTjNGQktUR0IrUG1YN1dNcEVWR0dxUHdibldmY2xJemFJM01KVHhybFB1bGIvbzdwYTR1YnAKeVdDWkNZb3FjaFpkcTB6SkZtYUpNMm1vOUgxcHJkMmhRaklHUS8xeGxSL29WSXpGQW1tT0lsdFQvUHVscnprdAp3VE4wSDkwU1lMNkhObTE3VHltYmxOd3pwK0Q5TktZL1ZWVGVBZ2RScWpQMHRrMUlBUUtDQVFFQTF1QVpCNmx4Ckd1U1p2VkdjTFdwOUVFb0JoOUE3aUVzWUdHdmQxSElHemR0aDVYRlF5Ynh1ZnVPQ2pzM1J5T1JxcjFFbWExREMKZUpVc1hsSWhNb0lHQ1ZUUVFoWGxoMnI2V3hoWmkzUTMySld1MldzN2RHbWpFRVJMN3I2dEJnSFIxdHJGKy8zcwo4Q1NyTUZ6MnRmK3lUN0V2TDNjK01RK3pncVRzZElEOFlyVmUzNWVScndHSzBRbFltc1JDbTR5TWh5Snk3LzZLCkRqZkp2cHJvcFd1QmpqTnJLRU9kcWlzUHdoUWgzaHl5OXFtaHNCMEpENWwwMUxiK2R4bW1QaEJpSFRXa3YzQkkKY25LSG1uVUFJYmJrSnFwNHpmUUQ0cTQxYks2a3k0dHJGNENkclZ2MlRrTG9FaXlTMDBYRDF0TUpJdnU1LzlSOQpWK29pNUptWnRJcGhBUUtDQVFFQTBDTXY3VCtKbHIxdWFxZVhQMjZUZm9HclF6VjZBYkhsbzBYQytPSlpMODlnCllaZ0RnbzludUEweG44blpNeHNQY1lDM1dmS05NazZ5aytHKzVKK1ZwSzNBV1FXYWpYd2NLQmlBaTdPSWFjbXUKUTErMlBRbU5xQjlCNHRrTy9wTWhUMUVpbGVGdnlpcW5xZS9QeGw4amlTYkQxU0lQS1NRN2VMSzVjNFM5Z2NQYwpRWGhmeFRHWXJhbkhxbEdHaEN5MHpRLzhIUXh1bk41cGErR2RQM3NIY29qSHhiQm9vaVVOVlBvWmtLN1loSmVOCmZvbVphcFFzQ3F3M0FLNUhmMldsTG5VNEM2ZDBHbXdNdU9NWGlOYXhHR0pBZldPOW9IWmhCbEFBL0I4bjhLNlUKNkNKaEI5STBDazVXT0N0Tm9KQktVNGJLMGNlQTByYW0zY2NKc2xwbmJRS0NBUUVBaWZyMWw3bnk2M1lJVTAzbwpvREZWaGZRLzcxcUVJQTA0dDlYc2FOT2dFdWpoZ0ZpM3JCUFlVSnIvNTN1N1R1bCtxSDNQMGZIV0wyQjdVVVlrCkV5N3plV0tCS1M2dWFic0VjU0s5dlpNdm1XRGxHckNGU1VmY2NrR3BFUEpZWVJjaURIb0gwTDFLUFJzTzRzdVAKa1dkVXRWL3VFT2pkZ3R1MlJocHB6SlpYZTN0RUpRaExnTG5ZemtyV0h1d1FhWnBqVXhPSUF4ek13anlJekdEbApLL1JSQ1dOeldET3pOdWJZQTZTeDZ0TTdDTEg5SmY0L0oway9nS2pSMXVFZG81VVpxL0FhanVRbllYYXlKVGtrCmtJSEZHQjgzMitqcDVkSkFkRDNoak9OR0xaMWxvMEQrZFZyNWMxSTBKbjhTTnd6bFBSV3dadHVvY1ova01DK0MKU0REa0FRS0NBUUVBbEdjQ1hSN1ljMnBOdUM0V1lWdnVQbDBtUjUxeGlKUFhNRHNsY1YreVI2eU5CQWpuTjhnWQpJOXNFYnZIMHM4T3ZselkzaFNLMEdoS1NzVzVjTlphems5OXZMZ29ZMEppVld1RmRoajVVSFZsM3J3SW5aZzNSCnV2WE9mSGhYZ0p4WE83NlY4bGZ5NVNyVXNRNFVEMVQyZVd2eVpaMExRa0piUlF2cHZyditndStycytLb0ptbmUKZXJSN2NLMEFSRzI3M0JweG9DU2xHYVJiZGxnL1RtdmlPMy9iTU5FL1NaMHhqRTFtdlFwdHh0eG9QcmpOY25pRApqbmlNSHlna1FtbXZCUmovQlJBNGNENXFNOGwzbGxHOW82MHFYajBuajZuWU5EQUhBNzBUTlVERlcxNW40TE8zCjkwRXpxSWozcUd3NUVxVWhKOElmMEIzN2pGWEdUQ3k1WVFLQ0FRRUFzWWNvSW4zR1JOOXhKQnlweWVCTVZwakIKTVJzLzZvQkRzbWM3KytyTTltakhmRGpGSnlQWjJ3WWVKOTkzYnlaOVo2cnQzeGNXSlBNc3ZnZVBqRTFZdVIrdApzK3MwOWdXYmF2VjhnaEtleG90VzQ2SzdlQmJDK0wwR1BOZ05xL0hsVktFc0VRV3VWTmxXTHVkbWRtQnBEL2ZGCnpSV3owUXMrNXhMYnNHUVFpT01xT0hFSzNwbU9Yd2RXNFVPNC9jcmYrNmRzV05yTVRTVUFlR3owVURjZU9WcUQKM2FwaVlqeDJWWUREcTAvSHVZNWcveVV5Nk1MTHVNdjNGVC80eTlvaktGUlNnQjdtVHZKVUdoNVRqN1hvSjBYZwp2cTlsbE1zdFFUbGxEVHpHZytzT0ZpTHJxZmMzd1A4VUdDbjlOMllqTGl2cjNycUlJZzhhMWZuY0ZiekNxUT09Ci0tLS0tRU5EIFJTQSBQUklWQVRFIEtFWS0tLS0tCg==\n    token: ae25745c31048945fa2437476ec1496c\n",
                            "kubernetes_version": "1.10.7",
                            "linux_profile.#": "1",
                            "linux_profile.0.admin_username": "chris",
                            "linux_profile.0.ssh_key.#": "1",
                            "linux_profile.0.ssh_key.0.key_data": "ssh-rsa AAAAB3NzaC1yc2EAAAADAQABAAABAQDcdlNaYqD0tOeP8wNiuXMzx3kN9ZrVzJr0BcYb4SLn4hkHnp6U1O2q/qaRSb36qf/apKAV8R012o15Vic6iaYle1cfMjPgXrii2mSlnSa0RyAn/kqV3zWYn5r+ivWK5polemqagsdgqI9WblDzN+1knuCfYedvJ0eBOtSeo2iuRBJfVOefOUu09bX0REf68s061EHtNIPtgxqM9xQ7UpVDWxE09dFIA5bWmuOn0ZiE3gd2ZQuCsp2O/wSZnXA2kO3PbPNcSNUfVGgj30gzaXMcXET7btIRwBaBsy+GpBXTDDcfiocuTyQR6VbWPQjAKKuPG534QyW+w3pLFN2aS6ct chris@Air-chris.lan",
                            "location": "westeurope",
                            "name": "aks-418",
                            "network_profile.#": "1",
                            "network_profile.0.dns_service_ip": "10.0.0.10",
                            "network_profile.0.docker_bridge_cidr": "172.17.0.1/16",
                            "network_profile.0.network_plugin": "kubenet",
                            "network_profile.0.pod_cidr": "10.244.0.0/16",
                            "network_profile.0.service_cidr": "10.0.0.0/16",
                            "node_resource_group": "MC_testClusterRG_aks-418_westeurope",
                            "resource_group_name": "testClusterRG",
                            "service_principal.#": "1",
                            "service_principal.3142307982.client_id": "9990e03e-11ad-4352-8f2a-a6650f7a2346",
                            "service_principal.3142307982.client_secret": "",
                            "tags.%": "0"
                        },
                        "meta": {},
                        "tainted": false
                    },
                    "deposed": [],
                    "provider": "provider.azurerm"
                },
                "azurerm_redis_cache.redis": {
                    "type": "azurerm_redis_cache",
                    "depends_on": [
                        "azurerm_resource_group.cluster",
                        "random_id.redis"
                    ],
                    "primary": {
                        "id": "/subscriptions/56e05a15-abff-44df-9297-b6b6c5fcaa8e/resourceGroups/testClusterRG/providers/Microsoft.Cache/Redis/redisb311ec3ffe272d98",
                        "attributes": {
                            "capacity": "0",
                            "enable_non_ssl_port": "false",
                            "family": "C",
                            "hostname": "redisb311ec3ffe272d98.redis.cache.windows.net",
                            "id": "/subscriptions/56e05a15-abff-44df-9297-b6b6c5fcaa8e/resourceGroups/testClusterRG/providers/Microsoft.Cache/Redis/redisb311ec3ffe272d98",
                            "location": "westeurope",
                            "name": "redisb311ec3ffe272d98",
                            "port": "6379",
                            "primary_access_key": "AHmmOrdzvhYqVh7fVVgALCmO7beYzCIDs6pVzE43edY=",
                            "private_static_ip_address": "",
                            "redis_configuration.#": "1",
                            "redis_configuration.0.maxclients": "256",
                            "redis_configuration.0.maxmemory_delta": "2",
                            "redis_configuration.0.maxmemory_policy": "volatile-lru",
                            "redis_configuration.0.maxmemory_reserved": "2",
                            "redis_configuration.0.notify_keyspace_events": "",
                            "redis_configuration.0.rdb_backup_enabled": "false",
                            "redis_configuration.0.rdb_backup_frequency": "0",
                            "redis_configuration.0.rdb_backup_max_snapshot_count": "0",
                            "redis_configuration.0.rdb_storage_connection_string": "",
                            "resource_group_name": "testClusterRG",
                            "secondary_access_key": "SAd6biooqcN6GyhxzuazFFXAWD2yJUHtG4A2s9Nj3XI=",
                            "sku_name": "Basic",
                            "ssl_port": "6380",
                            "subnet_id": "",
                            "tags.%": "0"
                        },
                        "meta": {},
                        "tainted": false
                    },
                    "deposed": [],
                    "provider": "provider.azurerm"
                },
                "azurerm_resource_group.cluster": {
                    "type": "azurerm_resource_group",
                    "depends_on": [],
                    "primary": {
                        "id": "/subscriptions/56e05a15-abff-44df-9297-b6b6c5fcaa8e/resourceGroups/testClusterRG",
                        "attributes": {
                            "id": "/subscriptions/56e05a15-abff-44df-9297-b6b6c5fcaa8e/resourceGroups/testClusterRG",
                            "location": "westeurope",
                            "name": "testClusterRG",
                            "tags.%": "0"
                        },
                        "meta": {},
                        "tainted": false
                    },
                    "deposed": [],
                    "provider": "provider.azurerm"
                },
                "data.azurerm_resource_group.agents": {
                    "type": "azurerm_resource_group",
                    "depends_on": [
                        "azurerm_kubernetes_cluster.aks",
                        "local.agents_resource_group_name"
                    ],
                    "primary": {
                        "id": "/subscriptions/56e05a15-abff-44df-9297-b6b6c5fcaa8e/resourceGroups/MC_testClusterRG_aks-418_westeurope",
                        "attributes": {
                            "id": "/subscriptions/56e05a15-abff-44df-9297-b6b6c5fcaa8e/resourceGroups/MC_testClusterRG_aks-418_westeurope",
                            "location": "westeurope",
                            "name": "MC_testClusterRG_aks-418_westeurope",
                            "tags.%": "0"
                        },
                        "meta": {},
                        "tainted": false
                    },
                    "deposed": [],
                    "provider": "provider.azurerm"
                },
                "kubernetes_secret.redis_secret": {
                    "type": "kubernetes_secret",
                    "depends_on": [
                        "azurerm_redis_cache.redis"
                    ],
                    "primary": {
                        "id": "default/rediskeys",
                        "attributes": {
                            "data.%": "3",
                            "data.host": "redisb311ec3ffe272d98.redis.cache.windows.net",
                            "data.key": "AHmmOrdzvhYqVh7fVVgALCmO7beYzCIDs6pVzE43edY=",
                            "data.port": "6379",
                            "id": "default/rediskeys",
                            "metadata.#": "1",
                            "metadata.0.annotations.%": "0",
                            "metadata.0.generate_name": "",
                            "metadata.0.generation": "0",
                            "metadata.0.labels.%": "0",
                            "metadata.0.name": "rediskeys",
                            "metadata.0.namespace": "default",
                            "metadata.0.resource_version": "710",
                            "metadata.0.self_link": "/api/v1/namespaces/default/secrets/rediskeys",
                            "metadata.0.uid": "3d98c423-cc97-11e8-bd24-925d4d6fbf05",
                            "type": "Opaque"
                        },
                        "meta": {},
                        "tainted": false
                    },
                    "deposed": [],
                    "provider": "provider.kubernetes"
                },
                "random_id.redis": {
                    "type": "random_id",
                    "depends_on": [],
                    "primary": {
                        "id": "sxHsP_4nLZg",
                        "attributes": {
                            "b64": "sxHsP_4nLZg",
                            "b64_std": "sxHsP/4nLZg=",
                            "b64_url": "sxHsP_4nLZg",
                            "byte_length": "8",
                            "dec": "12903354166984256920",
                            "hex": "b311ec3ffe272d98",
                            "id": "sxHsP_4nLZg",
                            "keepers.%": "1",
                            "keepers.azi_id": "1"
                        },
                        "meta": {},
                        "tainted": false
                    },
                    "deposed": [],
                    "provider": "provider.random"
                },
                "random_integer.random_int": {
                    "type": "random_integer",
                    "depends_on": [],
                    "primary": {
                        "id": "418",
                        "attributes": {
                            "id": "418",
                            "max": "999",
                            "min": "100",
                            "result": "418"
                        },
                        "meta": {},
                        "tainted": false
                    },
                    "deposed": [],
                    "provider": "provider.random"
                }
            },
            "depends_on": []
        },
        {
            "path": [
                "root",
                "oms"
            ],
            "outputs": {},
            "resources": {
                "azurerm_log_analytics_solution.container_monitoring": {
                    "type": "azurerm_log_analytics_solution",
                    "depends_on": [
                        "azurerm_log_analytics_workspace.workspace"
                    ],
                    "primary": {
                        "id": "/subscriptions/56e05a15-abff-44df-9297-b6b6c5fcaa8e/resourcegroups/testClusterRG/providers/Microsoft.OperationsManagement/solutions/Containers(k8s-workspace-e3c4636456ebb3d1)",
                        "attributes": {
                            "id": "/subscriptions/56e05a15-abff-44df-9297-b6b6c5fcaa8e/resourcegroups/testClusterRG/providers/Microsoft.OperationsManagement/solutions/Containers(k8s-workspace-e3c4636456ebb3d1)",
                            "location": "westeurope",
                            "plan.#": "1",
                            "plan.0.name": "Containers(k8s-workspace-e3c4636456ebb3d1)",
                            "plan.0.product": "OMSGallery/Containers",
                            "plan.0.promotion_code": "",
                            "plan.0.publisher": "Microsoft",
                            "resource_group_name": "testClusterRG",
                            "solution_name": "Containers",
                            "workspace_name": "k8s-workspace-e3c4636456ebb3d1",
                            "workspace_resource_id": "/subscriptions/56e05a15-abff-44df-9297-b6b6c5fcaa8e/resourcegroups/testClusterRG/providers/Microsoft.OperationalInsights/workspaces/k8s-workspace-e3c4636456ebb3d1"
                        },
                        "meta": {},
                        "tainted": false
                    },
                    "deposed": [],
                    "provider": "provider.azurerm"
                },
                "azurerm_log_analytics_workspace.workspace": {
                    "type": "azurerm_log_analytics_workspace",
                    "depends_on": [
                        "random_id.workspace"
                    ],
                    "primary": {
                        "id": "/subscriptions/56e05a15-abff-44df-9297-b6b6c5fcaa8e/resourcegroups/testclusterrg/providers/microsoft.operationalinsights/workspaces/k8s-workspace-e3c4636456ebb3d1",
                        "attributes": {
                            "id": "/subscriptions/56e05a15-abff-44df-9297-b6b6c5fcaa8e/resourcegroups/testclusterrg/providers/microsoft.operationalinsights/workspaces/k8s-workspace-e3c4636456ebb3d1",
                            "location": "westeurope",
                            "name": "k8s-workspace-e3c4636456ebb3d1",
                            "portal_url": "https://weu.mms.microsoft.com/Account?tenant=72f988bf-86f1-41af-91ab-2d7cd011db47\u0026resource=%2fsubscriptions%2f56e05a15-abff-44df-9297-b6b6c5fcaa8e%2fresourcegroups%2ftestclusterrg%2fproviders%2fmicrosoft.operationalinsights%2fworkspaces%2fk8s-workspace-e3c4636456ebb3d1",
                            "primary_shared_key": "JWwnhPUWjRu1r27o6BT/WGHXTfB2h74qUMSkkLrBQrA3rT3flKlYrfprfJuzP1btuw22WPnRz/3dDGLp6bQxgg==",
                            "resource_group_name": "testclusterrg",
                            "retention_in_days": "7",
                            "secondary_shared_key": "h6fS/r3U9q+dHaHX6lLr336lxUq+GPtLg2NkY9RmnJ2HMaXmUoP2WoixUjpaVk45lyEI9KWn3la91/1SlcD5xw==",
                            "sku": "free",
                            "tags.%": "0",
                            "workspace_id": "2bc590e6-9e17-463f-babf-a4e3224bf5ea"
                        },
                        "meta": {},
                        "tainted": false
                    },
                    "deposed": [],
                    "provider": "provider.azurerm"
                },
                "kubernetes_daemonset.container_agent": {
                    "type": "kubernetes_daemonset",
                    "depends_on": [
                        "kubernetes_namespace.monitoring",
                        "kubernetes_secret.log_analytics_secret"
                    ],
                    "primary": {
                        "id": "monitoring/omsagent",
                        "attributes": {
                            "id": "monitoring/omsagent",
                            "metadata.#": "1",
                            "metadata.0.annotations.%": "0",
                            "metadata.0.generate_name": "",
                            "metadata.0.generation": "1",
                            "metadata.0.labels.%": "3",
                            "metadata.0.labels.agentVersion": "1.4.0-12",
                            "metadata.0.labels.app": "omsagent",
                            "metadata.0.labels.dockerProviderVersion": "1.0.0-25",
                            "metadata.0.name": "omsagent",
                            "metadata.0.namespace": "monitoring",
                            "metadata.0.resource_version": "716",
                            "metadata.0.self_link": "/apis/extensions/v1beta1/namespaces/monitoring/daemonsets/omsagent",
                            "metadata.0.uid": "3dfa8c57-cc97-11e8-bd24-925d4d6fbf05",
                            "spec.#": "1",
                            "spec.0.min_ready_seconds": "0",
                            "spec.0.selector.%": "3",
                            "spec.0.selector.agentVersion": "1.4.0-12",
                            "spec.0.selector.app": "omsagent",
                            "spec.0.selector.dockerProviderVersion": "1.0.0-25",
                            "spec.0.strategy.#": "1",
                            "spec.0.strategy.0.rolling_update.#": "0",
                            "spec.0.strategy.0.type": "OnDelete",
                            "spec.0.template.#": "1",
                            "spec.0.template.0.active_deadline_seconds": "",
                            "spec.0.template.0.automount_service_account_token": "",
                            "spec.0.template.0.container": "",
                            "spec.0.template.0.dns_policy": "",
                            "spec.0.template.0.host_ipc": "",
                            "spec.0.template.0.host_network": "",
                            "spec.0.template.0.host_pid": "",
                            "spec.0.template.0.hostname": "",
                            "spec.0.template.0.init_container": "",
                            "spec.0.template.0.metadata.#": "1",
                            "spec.0.template.0.metadata.0.annotations.%": "0",
                            "spec.0.template.0.metadata.0.generate_name": "",
                            "spec.0.template.0.metadata.0.generation": "0",
                            "spec.0.template.0.metadata.0.labels.%": "3",
                            "spec.0.template.0.metadata.0.labels.agentVersion": "1.4.0-12",
                            "spec.0.template.0.metadata.0.labels.app": "omsagent",
                            "spec.0.template.0.metadata.0.labels.dockerProviderVersion": "1.0.0-25",
                            "spec.0.template.0.metadata.0.name": "",
                            "spec.0.template.0.metadata.0.resource_version": "",
                            "spec.0.template.0.metadata.0.self_link": "",
                            "spec.0.template.0.metadata.0.uid": "",
                            "spec.0.template.0.node_name": "",
                            "spec.0.template.0.node_selector": "",
                            "spec.0.template.0.restart_policy": "",
                            "spec.0.template.0.security_context": "",
                            "spec.0.template.0.service_account_name": "",
                            "spec.0.template.0.spec.#": "1",
                            "spec.0.template.0.spec.0.active_deadline_seconds": "0",
                            "spec.0.template.0.spec.0.automount_service_account_token": "true",
                            "spec.0.template.0.spec.0.container.#": "1",
                            "spec.0.template.0.spec.0.container.0.args.#": "0",
                            "spec.0.template.0.spec.0.container.0.command.#": "0",
                            "spec.0.template.0.spec.0.container.0.env.#": "2",
                            "spec.0.template.0.spec.0.container.0.env.0.name": "WSID",
                            "spec.0.template.0.spec.0.container.0.env.0.value": "",
                            "spec.0.template.0.spec.0.container.0.env.0.value_from.#": "1",
                            "spec.0.template.0.spec.0.container.0.env.0.value_from.0.config_map_key_ref.#": "0",
                            "spec.0.template.0.spec.0.container.0.env.0.value_from.0.field_ref.#": "0",
                            "spec.0.template.0.spec.0.container.0.env.0.value_from.0.resource_field_ref.#": "0",
                            "spec.0.template.0.spec.0.container.0.env.0.value_from.0.secret_key_ref.#": "1",
                            "spec.0.template.0.spec.0.container.0.env.0.value_from.0.secret_key_ref.0.key": "workspace_id",
                            "spec.0.template.0.spec.0.container.0.env.0.value_from.0.secret_key_ref.0.name": "omsagentkeys",
                            "spec.0.template.0.spec.0.container.0.env.1.name": "KEY",
                            "spec.0.template.0.spec.0.container.0.env.1.value": "",
                            "spec.0.template.0.spec.0.container.0.env.1.value_from.#": "1",
                            "spec.0.template.0.spec.0.container.0.env.1.value_from.0.config_map_key_ref.#": "0",
                            "spec.0.template.0.spec.0.container.0.env.1.value_from.0.field_ref.#": "0",
                            "spec.0.template.0.spec.0.container.0.env.1.value_from.0.resource_field_ref.#": "0",
                            "spec.0.template.0.spec.0.container.0.env.1.value_from.0.secret_key_ref.#": "1",
                            "spec.0.template.0.spec.0.container.0.env.1.value_from.0.secret_key_ref.0.key": "workspace_key",
                            "spec.0.template.0.spec.0.container.0.env.1.value_from.0.secret_key_ref.0.name": "omsagentkeys",
                            "spec.0.template.0.spec.0.container.0.env_from.#": "0",
                            "spec.0.template.0.spec.0.container.0.image": "microsoft/oms",
                            "spec.0.template.0.spec.0.container.0.image_pull_policy": "Always",
                            "spec.0.template.0.spec.0.container.0.lifecycle.#": "0",
                            "spec.0.template.0.spec.0.container.0.liveness_probe.#": "1",
                            "spec.0.template.0.spec.0.container.0.liveness_probe.0.exec.#": "1",
                            "spec.0.template.0.spec.0.container.0.liveness_probe.0.exec.0.command.#": "3",
                            "spec.0.template.0.spec.0.container.0.liveness_probe.0.exec.0.command.0": "/bin/bash",
                            "spec.0.template.0.spec.0.container.0.liveness_probe.0.exec.0.command.1": "-c",
                            "spec.0.template.0.spec.0.container.0.liveness_probe.0.exec.0.command.2": "ps -ef | grep omsagent | grep -v \"grep\"",
                            "spec.0.template.0.spec.0.container.0.liveness_probe.0.failure_threshold": "3",
                            "spec.0.template.0.spec.0.container.0.liveness_probe.0.http_get.#": "0",
                            "spec.0.template.0.spec.0.container.0.liveness_probe.0.initial_delay_seconds": "60",
                            "spec.0.template.0.spec.0.container.0.liveness_probe.0.period_seconds": "60",
                            "spec.0.template.0.spec.0.container.0.liveness_probe.0.success_threshold": "1",
                            "spec.0.template.0.spec.0.container.0.liveness_probe.0.tcp_socket.#": "0",
                            "spec.0.template.0.spec.0.container.0.liveness_probe.0.timeout_seconds": "1",
                            "spec.0.template.0.spec.0.container.0.name": "omsagent",
                            "spec.0.template.0.spec.0.container.0.port.#": "2",
                            "spec.0.template.0.spec.0.container.0.port.0.container_port": "25225",
                            "spec.0.template.0.spec.0.container.0.port.0.host_ip": "",
                            "spec.0.template.0.spec.0.container.0.port.0.host_port": "0",
                            "spec.0.template.0.spec.0.container.0.port.0.name": "",
                            "spec.0.template.0.spec.0.container.0.port.0.protocol": "TCP",
                            "spec.0.template.0.spec.0.container.0.port.1.container_port": "25224",
                            "spec.0.template.0.spec.0.container.0.port.1.host_ip": "",
                            "spec.0.template.0.spec.0.container.0.port.1.host_port": "0",
                            "spec.0.template.0.spec.0.container.0.port.1.name": "",
                            "spec.0.template.0.spec.0.container.0.port.1.protocol": "UDP",
                            "spec.0.template.0.spec.0.container.0.readiness_probe.#": "0",
                            "spec.0.template.0.spec.0.container.0.resources.#": "1",
                            "spec.0.template.0.spec.0.container.0.security_context.#": "1",
                            "spec.0.template.0.spec.0.container.0.security_context.0.capabilities.#": "0",
                            "spec.0.template.0.spec.0.container.0.security_context.0.privileged": "true",
                            "spec.0.template.0.spec.0.container.0.security_context.0.read_only_root_filesystem": "false",
                            "spec.0.template.0.spec.0.container.0.security_context.0.run_as_non_root": "false",
                            "spec.0.template.0.spec.0.container.0.security_context.0.run_as_user": "0",
                            "spec.0.template.0.spec.0.container.0.security_context.0.se_linux_options.#": "0",
                            "spec.0.template.0.spec.0.container.0.stdin": "false",
                            "spec.0.template.0.spec.0.container.0.stdin_once": "false",
                            "spec.0.template.0.spec.0.container.0.termination_message_path": "/dev/termination-log",
                            "spec.0.template.0.spec.0.container.0.tty": "false",
                            "spec.0.template.0.spec.0.container.0.volume_mount.#": "4",
                            "spec.0.template.0.spec.0.container.0.volume_mount.0.mount_path": "/var/run/docker.sock",
                            "spec.0.template.0.spec.0.container.0.volume_mount.0.name": "docker-sock",
                            "spec.0.template.0.spec.0.container.0.volume_mount.0.read_only": "false",
                            "spec.0.template.0.spec.0.container.0.volume_mount.0.sub_path": "",
                            "spec.0.template.0.spec.0.container.0.volume_mount.1.mount_path": "/var/log",
                            "spec.0.template.0.spec.0.container.0.volume_mount.1.name": "host-log",
                            "spec.0.template.0.spec.0.container.0.volume_mount.1.read_only": "false",
                            "spec.0.template.0.spec.0.container.0.volume_mount.1.sub_path": "",
                            "spec.0.template.0.spec.0.container.0.volume_mount.2.mount_path": "/var/lib/docker/containers/",
                            "spec.0.template.0.spec.0.container.0.volume_mount.2.name": "container-log",
                            "spec.0.template.0.spec.0.container.0.volume_mount.2.read_only": "false",
                            "spec.0.template.0.spec.0.container.0.volume_mount.2.sub_path": "",
                            "spec.0.template.0.spec.0.container.0.volume_mount.3.mount_path": "/var/opt/microsoft/omsagent/state/containerhostname",
                            "spec.0.template.0.spec.0.container.0.volume_mount.3.name": "container-hostname",
                            "spec.0.template.0.spec.0.container.0.volume_mount.3.read_only": "false",
                            "spec.0.template.0.spec.0.container.0.volume_mount.3.sub_path": "",
                            "spec.0.template.0.spec.0.container.0.working_dir": "",
                            "spec.0.template.0.spec.0.dns_policy": "ClusterFirst",
                            "spec.0.template.0.spec.0.host_ipc": "false",
                            "spec.0.template.0.spec.0.host_network": "false",
                            "spec.0.template.0.spec.0.host_pid": "false",
                            "spec.0.template.0.spec.0.hostname": "",
                            "spec.0.template.0.spec.0.image_pull_secrets.#": "0",
                            "spec.0.template.0.spec.0.init_container.#": "0",
                            "spec.0.template.0.spec.0.node_name": "",
                            "spec.0.template.0.spec.0.node_selector.%": "0",
                            "spec.0.template.0.spec.0.restart_policy": "Always",
                            "spec.0.template.0.spec.0.security_context.#": "0",
                            "spec.0.template.0.spec.0.service_account_name": "",
                            "spec.0.template.0.spec.0.subdomain": "",
                            "spec.0.template.0.spec.0.termination_grace_period_seconds": "30",
                            "spec.0.template.0.spec.0.volume.#": "4",
                            "spec.0.template.0.spec.0.volume.0.aws_elastic_block_store.#": "0",
                            "spec.0.template.0.spec.0.volume.0.azure_disk.#": "0",
                            "spec.0.template.0.spec.0.volume.0.azure_file.#": "0",
                            "spec.0.template.0.spec.0.volume.0.ceph_fs.#": "0",
                            "spec.0.template.0.spec.0.volume.0.cinder.#": "0",
                            "spec.0.template.0.spec.0.volume.0.config_map.#": "0",
                            "spec.0.template.0.spec.0.volume.0.downward_api.#": "0",
                            "spec.0.template.0.spec.0.volume.0.empty_dir.#": "0",
                            "spec.0.template.0.spec.0.volume.0.fc.#": "0",
                            "spec.0.template.0.spec.0.volume.0.flex_volume.#": "0",
                            "spec.0.template.0.spec.0.volume.0.flocker.#": "0",
                            "spec.0.template.0.spec.0.volume.0.gce_persistent_disk.#": "0",
                            "spec.0.template.0.spec.0.volume.0.git_repo.#": "0",
                            "spec.0.template.0.spec.0.volume.0.glusterfs.#": "0",
                            "spec.0.template.0.spec.0.volume.0.host_path.#": "1",
                            "spec.0.template.0.spec.0.volume.0.host_path.0.path": "/var/run/docker.sock",
                            "spec.0.template.0.spec.0.volume.0.iscsi.#": "0",
                            "spec.0.template.0.spec.0.volume.0.name": "docker-sock",
                            "spec.0.template.0.spec.0.volume.0.nfs.#": "0",
                            "spec.0.template.0.spec.0.volume.0.persistent_volume_claim.#": "0",
                            "spec.0.template.0.spec.0.volume.0.photon_persistent_disk.#": "0",
                            "spec.0.template.0.spec.0.volume.0.quobyte.#": "0",
                            "spec.0.template.0.spec.0.volume.0.rbd.#": "0",
                            "spec.0.template.0.spec.0.volume.0.secret.#": "0",
                            "spec.0.template.0.spec.0.volume.0.vsphere_volume.#": "0",
                            "spec.0.template.0.spec.0.volume.1.aws_elastic_block_store.#": "0",
                            "spec.0.template.0.spec.0.volume.1.azure_disk.#": "0",
                            "spec.0.template.0.spec.0.volume.1.azure_file.#": "0",
                            "spec.0.template.0.spec.0.volume.1.ceph_fs.#": "0",
                            "spec.0.template.0.spec.0.volume.1.cinder.#": "0",
                            "spec.0.template.0.spec.0.volume.1.config_map.#": "0",
                            "spec.0.template.0.spec.0.volume.1.downward_api.#": "0",
                            "spec.0.template.0.spec.0.volume.1.empty_dir.#": "0",
                            "spec.0.template.0.spec.0.volume.1.fc.#": "0",
                            "spec.0.template.0.spec.0.volume.1.flex_volume.#": "0",
                            "spec.0.template.0.spec.0.volume.1.flocker.#": "0",
                            "spec.0.template.0.spec.0.volume.1.gce_persistent_disk.#": "0",
                            "spec.0.template.0.spec.0.volume.1.git_repo.#": "0",
                            "spec.0.template.0.spec.0.volume.1.glusterfs.#": "0",
                            "spec.0.template.0.spec.0.volume.1.host_path.#": "1",
                            "spec.0.template.0.spec.0.volume.1.host_path.0.path": "/etc/hostname",
                            "spec.0.template.0.spec.0.volume.1.iscsi.#": "0",
                            "spec.0.template.0.spec.0.volume.1.name": "container-hostname",
                            "spec.0.template.0.spec.0.volume.1.nfs.#": "0",
                            "spec.0.template.0.spec.0.volume.1.persistent_volume_claim.#": "0",
                            "spec.0.template.0.spec.0.volume.1.photon_persistent_disk.#": "0",
                            "spec.0.template.0.spec.0.volume.1.quobyte.#": "0",
                            "spec.0.template.0.spec.0.volume.1.rbd.#": "0",
                            "spec.0.template.0.spec.0.volume.1.secret.#": "0",
                            "spec.0.template.0.spec.0.volume.1.vsphere_volume.#": "0",
                            "spec.0.template.0.spec.0.volume.2.aws_elastic_block_store.#": "0",
                            "spec.0.template.0.spec.0.volume.2.azure_disk.#": "0",
                            "spec.0.template.0.spec.0.volume.2.azure_file.#": "0",
                            "spec.0.template.0.spec.0.volume.2.ceph_fs.#": "0",
                            "spec.0.template.0.spec.0.volume.2.cinder.#": "0",
                            "spec.0.template.0.spec.0.volume.2.config_map.#": "0",
                            "spec.0.template.0.spec.0.volume.2.downward_api.#": "0",
                            "spec.0.template.0.spec.0.volume.2.empty_dir.#": "0",
                            "spec.0.template.0.spec.0.volume.2.fc.#": "0",
                            "spec.0.template.0.spec.0.volume.2.flex_volume.#": "0",
                            "spec.0.template.0.spec.0.volume.2.flocker.#": "0",
                            "spec.0.template.0.spec.0.volume.2.gce_persistent_disk.#": "0",
                            "spec.0.template.0.spec.0.volume.2.git_repo.#": "0",
                            "spec.0.template.0.spec.0.volume.2.glusterfs.#": "0",
                            "spec.0.template.0.spec.0.volume.2.host_path.#": "1",
                            "spec.0.template.0.spec.0.volume.2.host_path.0.path": "/var/log",
                            "spec.0.template.0.spec.0.volume.2.iscsi.#": "0",
                            "spec.0.template.0.spec.0.volume.2.name": "host-log",
                            "spec.0.template.0.spec.0.volume.2.nfs.#": "0",
                            "spec.0.template.0.spec.0.volume.2.persistent_volume_claim.#": "0",
                            "spec.0.template.0.spec.0.volume.2.photon_persistent_disk.#": "0",
                            "spec.0.template.0.spec.0.volume.2.quobyte.#": "0",
                            "spec.0.template.0.spec.0.volume.2.rbd.#": "0",
                            "spec.0.template.0.spec.0.volume.2.secret.#": "0",
                            "spec.0.template.0.spec.0.volume.2.vsphere_volume.#": "0",
                            "spec.0.template.0.spec.0.volume.3.aws_elastic_block_store.#": "0",
                            "spec.0.template.0.spec.0.volume.3.azure_disk.#": "0",
                            "spec.0.template.0.spec.0.volume.3.azure_file.#": "0",
                            "spec.0.template.0.spec.0.volume.3.ceph_fs.#": "0",
                            "spec.0.template.0.spec.0.volume.3.cinder.#": "0",
                            "spec.0.template.0.spec.0.volume.3.config_map.#": "0",
                            "spec.0.template.0.spec.0.volume.3.downward_api.#": "0",
                            "spec.0.template.0.spec.0.volume.3.empty_dir.#": "0",
                            "spec.0.template.0.spec.0.volume.3.fc.#": "0",
                            "spec.0.template.0.spec.0.volume.3.flex_volume.#": "0",
                            "spec.0.template.0.spec.0.volume.3.flocker.#": "0",
                            "spec.0.template.0.spec.0.volume.3.gce_persistent_disk.#": "0",
                            "spec.0.template.0.spec.0.volume.3.git_repo.#": "0",
                            "spec.0.template.0.spec.0.volume.3.glusterfs.#": "0",
                            "spec.0.template.0.spec.0.volume.3.host_path.#": "1",
                            "spec.0.template.0.spec.0.volume.3.host_path.0.path": "/var/lib/docker/containers/",
                            "spec.0.template.0.spec.0.volume.3.iscsi.#": "0",
                            "spec.0.template.0.spec.0.volume.3.name": "container-log",
                            "spec.0.template.0.spec.0.volume.3.nfs.#": "0",
                            "spec.0.template.0.spec.0.volume.3.persistent_volume_claim.#": "0",
                            "spec.0.template.0.spec.0.volume.3.photon_persistent_disk.#": "0",
                            "spec.0.template.0.spec.0.volume.3.quobyte.#": "0",
                            "spec.0.template.0.spec.0.volume.3.rbd.#": "0",
                            "spec.0.template.0.spec.0.volume.3.secret.#": "0",
                            "spec.0.template.0.spec.0.volume.3.vsphere_volume.#": "0",
                            "spec.0.template.0.subdomain": "",
                            "spec.0.template.0.termination_grace_period_seconds": "",
                            "spec.0.template.0.volume": ""
                        },
                        "meta": {
                            "e2bfb730-ecaa-11e6-8f88-34363bc7c4c0": {
                                "create": 600000000000,
                                "delete": 600000000000,
                                "update": 600000000000
                            },
                            "schema_version": "1"
                        },
                        "tainted": false
                    },
                    "deposed": [],
                    "provider": "provider.kubernetes"
                },
                "kubernetes_namespace.monitoring": {
                    "type": "kubernetes_namespace",
                    "depends_on": [],
                    "primary": {
                        "id": "monitoring",
                        "attributes": {
                            "id": "monitoring",
                            "metadata.#": "1",
                            "metadata.0.annotations.%": "0",
                            "metadata.0.generate_name": "",
                            "metadata.0.generation": "0",
                            "metadata.0.labels.%": "0",
                            "metadata.0.name": "monitoring",
                            "metadata.0.resource_version": "709",
                            "metadata.0.self_link": "/api/v1/namespaces/monitoring",
                            "metadata.0.uid": "3d98eece-cc97-11e8-bd24-925d4d6fbf05"
                        },
                        "meta": {},
                        "tainted": false
                    },
                    "deposed": [],
                    "provider": "provider.kubernetes"
                },
                "kubernetes_secret.log_analytics_secret": {
                    "type": "kubernetes_secret",
                    "depends_on": [
                        "azurerm_log_analytics_workspace.workspace",
                        "kubernetes_namespace.monitoring"
                    ],
                    "primary": {
                        "id": "monitoring/omsagentkeys",
                        "attributes": {
                            "data.%": "2",
                            "data.workspace_id": "2bc590e6-9e17-463f-babf-a4e3224bf5ea",
                            "data.workspace_key": "JWwnhPUWjRu1r27o6BT/WGHXTfB2h74qUMSkkLrBQrA3rT3flKlYrfprfJuzP1btuw22WPnRz/3dDGLp6bQxgg==",
                            "id": "monitoring/omsagentkeys",
                            "metadata.#": "1",
                            "metadata.0.annotations.%": "0",
                            "metadata.0.generate_name": "",
                            "metadata.0.generation": "0",
                            "metadata.0.labels.%": "0",
                            "metadata.0.name": "omsagentkeys",
                            "metadata.0.namespace": "monitoring",
                            "metadata.0.resource_version": "714",
                            "metadata.0.self_link": "/api/v1/namespaces/monitoring/secrets/omsagentkeys",
                            "metadata.0.uid": "3db352c4-cc97-11e8-bd24-925d4d6fbf05",
                            "type": "Opaque"
                        },
                        "meta": {},
                        "tainted": false
                    },
                    "deposed": [],
                    "provider": "provider.kubernetes"
                },
                "random_id.workspace": {
                    "type": "random_id",
                    "depends_on": [],
                    "primary": {
                        "id": "48RjZFbrs9E",
                        "attributes": {
                            "b64": "48RjZFbrs9E",
                            "b64_std": "48RjZFbrs9E=",
                            "b64_url": "48RjZFbrs9E",
                            "byte_length": "8",
                            "dec": "16412352224651097041",
                            "hex": "e3c4636456ebb3d1",
                            "id": "48RjZFbrs9E",
                            "keepers.%": "1",
                            "keepers.group_name": "testClusterRG"
                        },
                        "meta": {},
                        "tainted": false
                    },
                    "deposed": [],
                    "provider": "provider.random"
                }
            },
            "depends_on": []
        },
        {
            "path": [
                "root",
                "service_principal"
            ],
            "outputs": {
                "aks_role_name": {
                    "sensitive": false,
                    "type": "string",
                    "value": "aks_sp_role"
                },
                "client_id": {
                    "sensitive": false,
                    "type": "string",
                    "value": "9990e03e-11ad-4352-8f2a-a6650f7a2346"
                },
                "client_secret": {
                    "sensitive": true,
                    "type": "string",
                    "value": "?bA8ffIdIutX6RRh"
                },
                "sp_id": {
                    "sensitive": false,
                    "type": "string",
                    "value": "ac536584-5ede-44d5-a2be-8c2514f768fb"
                }
            },
            "resources": {
                "azurerm_azuread_application.aks_app": {
                    "type": "azurerm_azuread_application",
                    "depends_on": [],
                    "primary": {
                        "id": "5a1ec414-6c52-411f-ab38-ff4118c81769",
                        "attributes": {
                            "application_id": "9990e03e-11ad-4352-8f2a-a6650f7a2346",
                            "available_to_other_tenants": "false",
                            "homepage": "https://aks-418",
                            "id": "5a1ec414-6c52-411f-ab38-ff4118c81769",
                            "identifier_uris.#": "0",
                            "name": "aks-418",
                            "oauth2_allow_implicit_flow": "false",
                            "reply_urls.#": "0"
                        },
                        "meta": {},
                        "tainted": false
                    },
                    "deposed": [],
                    "provider": "provider.azurerm"
                },
                "azurerm_azuread_service_principal.aks_sp": {
                    "type": "azurerm_azuread_service_principal",
                    "depends_on": [
                        "azurerm_azuread_application.aks_app"
                    ],
                    "primary": {
                        "id": "ac536584-5ede-44d5-a2be-8c2514f768fb",
                        "attributes": {
                            "application_id": "9990e03e-11ad-4352-8f2a-a6650f7a2346",
                            "display_name": "aks-418",
                            "id": "ac536584-5ede-44d5-a2be-8c2514f768fb"
                        },
                        "meta": {},
                        "tainted": false
                    },
                    "deposed": [],
                    "provider": "provider.azurerm"
                },
                "azurerm_azuread_service_principal_password.aks_sp_password": {
                    "type": "azurerm_azuread_service_principal_password",
                    "depends_on": [
                        "azurerm_azuread_service_principal.aks_sp",
                        "random_string.aks_sp_password"
                    ],
                    "primary": {
                        "id": "ac536584-5ede-44d5-a2be-8c2514f768fb/5f669fa5-1e6b-f2c1-cbdc-503082fa6f37",
                        "attributes": {
                            "end_date": "2019-10-10T13:11:47Z",
                            "id": "ac536584-5ede-44d5-a2be-8c2514f768fb/5f669fa5-1e6b-f2c1-cbdc-503082fa6f37",
                            "key_id": "5f669fa5-1e6b-f2c1-cbdc-503082fa6f37",
                            "service_principal_id": "ac536584-5ede-44d5-a2be-8c2514f768fb",
                            "start_date": "2018-10-10T13:11:48Z",
                            "value": "?bA8ffIdIutX6RRh"
                        },
                        "meta": {},
                        "tainted": false
                    },
                    "deposed": [],
                    "provider": "provider.azurerm"
                },
                "data.azurerm_subscription.sub": {
                    "type": "azurerm_subscription",
                    "depends_on": [],
                    "primary": {
                        "id": "/subscriptions/56e05a15-abff-44df-9297-b6b6c5fcaa8e",
                        "attributes": {
                            "display_name": "chris-microsoft-nl",
                            "id": "/subscriptions/56e05a15-abff-44df-9297-b6b6c5fcaa8e",
                            "location_placement_id": "Internal_2014-09-01",
                            "quota_id": "Internal_2014-09-01",
                            "spending_limit": "Off",
                            "state": "Enabled",
                            "subscription_id": "56e05a15-abff-44df-9297-b6b6c5fcaa8e"
                        },
                        "meta": {},
                        "tainted": false
                    },
                    "deposed": [],
                    "provider": "provider.azurerm"
                },
                "random_string.aks_sp_password": {
                    "type": "random_string",
                    "depends_on": [
                        "azurerm_azuread_service_principal.aks_sp"
                    ],
                    "primary": {
                        "id": "none",
                        "attributes": {
                            "id": "none",
                            "keepers.%": "1",
                            "keepers.service_principal": "ac536584-5ede-44d5-a2be-8c2514f768fb",
                            "length": "16",
                            "lower": "true",
                            "min_lower": "0",
                            "min_numeric": "0",
                            "min_special": "0",
                            "min_upper": "0",
                            "number": "true",
                            "result": "?bA8ffIdIutX6RRh",
                            "special": "true",
                            "upper": "true"
                        },
                        "meta": {
                            "schema_version": "1"
                        },
                        "tainted": false
                    },
                    "deposed": [],
                    "provider": "provider.random"
                }
            },
            "depends_on": []
        }
    ]
}
